// !$*UTF8*$!
{
	archiveVersion = 1;
	classes = {
	};
	objectVersion = 46;
	objects = {

/* Begin PBXBuildFile section */
		4096A5111A7DA42000086829 /* AppDelegate.swift in Sources */ = {isa = PBXBuildFile; fileRef = 4096A5101A7DA42000086829 /* AppDelegate.swift */; };
		4096A5141A7DA42000086829 /* Quiz.xcdatamodeld in Sources */ = {isa = PBXBuildFile; fileRef = 4096A5121A7DA42000086829 /* Quiz.xcdatamodeld */; };
		4096A5161A7DA42000086829 /* ViewController.swift in Sources */ = {isa = PBXBuildFile; fileRef = 4096A5151A7DA42000086829 /* ViewController.swift */; };
		4096A5191A7DA42000086829 /* Main.storyboard in Resources */ = {isa = PBXBuildFile; fileRef = 4096A5171A7DA42000086829 /* Main.storyboard */; };
		4096A51B1A7DA42000086829 /* Images.xcassets in Resources */ = {isa = PBXBuildFile; fileRef = 4096A51A1A7DA42000086829 /* Images.xcassets */; };
		4096A51E1A7DA42000086829 /* LaunchScreen.xib in Resources */ = {isa = PBXBuildFile; fileRef = 4096A51C1A7DA42000086829 /* LaunchScreen.xib */; };
		4096A52A1A7DA42000086829 /* QuizTests.swift in Sources */ = {isa = PBXBuildFile; fileRef = 4096A5291A7DA42000086829 /* QuizTests.swift */; };
/* End PBXBuildFile section */

/* Begin PBXContainerItemProxy section */
		4096A5241A7DA42000086829 /* PBXContainerItemProxy */ = {
			isa = PBXContainerItemProxy;
			containerPortal = 4096A5031A7DA42000086829 /* Project object */;
			proxyType = 1;
			remoteGlobalIDString = 4096A50A1A7DA42000086829;
			remoteInfo = Quiz;
		};
/* End PBXContainerItemProxy section */

/* Begin PBXFileReference section */
		4096A50B1A7DA42000086829 /* Quiz.app */ = {isa = PBXFileReference; explicitFileType = wrapper.application; includeInIndex = 0; path = Quiz.app; sourceTree = BUILT_PRODUCTS_DIR; };
		4096A50F1A7DA42000086829 /* Info.plist */ = {isa = PBXFileReference; lastKnownFileType = text.plist.xml; path = Info.plist; sourceTree = "<group>"; };
		4096A5101A7DA42000086829 /* AppDelegate.swift */ = {isa = PBXFileReference; lastKnownFileType = sourcecode.swift; path = AppDelegate.swift; sourceTree = "<group>"; };
		4096A5131A7DA42000086829 /* Quiz.xcdatamodel */ = {isa = PBXFileReference; lastKnownFileType = wrapper.xcdatamodel; path = Quiz.xcdatamodel; sourceTree = "<group>"; };
		4096A5151A7DA42000086829 /* ViewController.swift */ = {isa = PBXFileReference; lastKnownFileType = sourcecode.swift; path = ViewController.swift; sourceTree = "<group>"; };
		4096A5181A7DA42000086829 /* Base */ = {isa = PBXFileReference; lastKnownFileType = file.storyboard; name = Base; path = Base.lproj/Main.storyboard; sourceTree = "<group>"; };
		4096A51A1A7DA42000086829 /* Images.xcassets */ = {isa = PBXFileReference; lastKnownFileType = folder.assetcatalog; path = Images.xcassets; sourceTree = "<group>"; };
		4096A51D1A7DA42000086829 /* Base */ = {isa = PBXFileReference; lastKnownFileType = file.xib; name = Base; path = Base.lproj/LaunchScreen.xib; sourceTree = "<group>"; };
		4096A5231A7DA42000086829 /* QuizTests.xctest */ = {isa = PBXFileReference; explicitFileType = wrapper.cfbundle; includeInIndex = 0; path = QuizTests.xctest; sourceTree = BUILT_PRODUCTS_DIR; };
		4096A5281A7DA42000086829 /* Info.plist */ = {isa = PBXFileReference; lastKnownFileType = text.plist.xml; path = Info.plist; sourceTree = "<group>"; };
		4096A5291A7DA42000086829 /* QuizTests.swift */ = {isa = PBXFileReference; lastKnownFileType = sourcecode.swift; path = QuizTests.swift; sourceTree = "<group>"; };
/* End PBXFileReference section */

/* Begin PBXFrameworksBuildPhase section */
		4096A5081A7DA42000086829 /* Frameworks */ = {
			isa = PBXFrameworksBuildPhase;
			buildActionMask = 2147483647;
			files = (
			);
			runOnlyForDeploymentPostprocessing = 0;
		};
		4096A5201A7DA42000086829 /* Frameworks */ = {
			isa = PBXFrameworksBuildPhase;
			buildActionMask = 2147483647;
			files = (
			);
			runOnlyForDeploymentPostprocessing = 0;
		};
/* End PBXFrameworksBuildPhase section */

/* Begin PBXGroup section */
		4096A5021A7DA42000086829 = {
			isa = PBXGroup;
			children = (
				4096A50D1A7DA42000086829 /* Quiz */,
				4096A5261A7DA42000086829 /* QuizTests */,
				4096A50C1A7DA42000086829 /* Products */,
			);
			sourceTree = "<group>";
		};
		4096A50C1A7DA42000086829 /* Products */ = {
			isa = PBXGroup;
			children = (
				4096A50B1A7DA42000086829 /* Quiz.app */,
				4096A5231A7DA42000086829 /* QuizTests.xctest */,
			);
			name = Products;
			sourceTree = "<group>";
		};
		4096A50D1A7DA42000086829 /* Quiz */ = {
			isa = PBXGroup;
			children = (
				4096A5101A7DA42000086829 /* AppDelegate.swift */,
				4096A5151A7DA42000086829 /* ViewController.swift */,
				4096A5171A7DA42000086829 /* Main.storyboard */,
				4096A51A1A7DA42000086829 /* Images.xcassets */,
				4096A51C1A7DA42000086829 /* LaunchScreen.xib */,
				4096A5121A7DA42000086829 /* Quiz.xcdatamodeld */,
				4096A50E1A7DA42000086829 /* Supporting Files */,
			);
			path = Quiz;
			sourceTree = "<group>";
		};
		4096A50E1A7DA42000086829 /* Supporting Files */ = {
			isa = PBXGroup;
			children = (
				4096A50F1A7DA42000086829 /* Info.plist */,
			);
			name = "Supporting Files";
			sourceTree = "<group>";
		};
		4096A5261A7DA42000086829 /* QuizTests */ = {
			isa = PBXGroup;
			children = (
				4096A5291A7DA42000086829 /* QuizTests.swift */,
				4096A5271A7DA42000086829 /* Supporting Files */,
			);
			path = QuizTests;
			sourceTree = "<group>";
		};
		4096A5271A7DA42000086829 /* Supporting Files */ = {
			isa = PBXGroup;
			children = (
				4096A5281A7DA42000086829 /* Info.plist */,
			);
			name = "Supporting Files";
			sourceTree = "<group>";
		};
/* End PBXGroup section */

/* Begin PBXNativeTarget section */
		4096A50A1A7DA42000086829 /* Quiz */ = {
			isa = PBXNativeTarget;
			buildConfigurationList = 4096A52D1A7DA42000086829 /* Build configuration list for PBXNativeTarget "Quiz" */;
			buildPhases = (
				4096A5071A7DA42000086829 /* Sources */,
				4096A5081A7DA42000086829 /* Frameworks */,
				4096A5091A7DA42000086829 /* Resources */,
			);
			buildRules = (
			);
			dependencies = (
			);
			name = Quiz;
			productName = Quiz;
			productReference = 4096A50B1A7DA42000086829 /* Quiz.app */;
			productType = "com.apple.product-type.application";
		};
		4096A5221A7DA42000086829 /* QuizTests */ = {
			isa = PBXNativeTarget;
			buildConfigurationList = 4096A5301A7DA42000086829 /* Build configuration list for PBXNativeTarget "QuizTests" */;
			buildPhases = (
				4096A51F1A7DA42000086829 /* Sources */,
				4096A5201A7DA42000086829 /* Frameworks */,
				4096A5211A7DA42000086829 /* Resources */,
			);
			buildRules = (
			);
			dependencies = (
				4096A5251A7DA42000086829 /* PBXTargetDependency */,
			);
			name = QuizTests;
			productName = QuizTests;
			productReference = 4096A5231A7DA42000086829 /* QuizTests.xctest */;
			productType = "com.apple.product-type.bundle.unit-test";
		};
/* End PBXNativeTarget section */

/* Begin PBXProject section */
		4096A5031A7DA42000086829 /* Project object */ = {
			isa = PBXProject;
			attributes = {
				LastUpgradeCheck = 0610;
				ORGANIZATIONNAME = "Marty Kausas";
				TargetAttributes = {
					4096A50A1A7DA42000086829 = {
						CreatedOnToolsVersion = 6.1.1;
					};
					4096A5221A7DA42000086829 = {
						CreatedOnToolsVersion = 6.1.1;
						TestTargetID = 4096A50A1A7DA42000086829;
					};
				};
			};
			buildConfigurationList = 4096A5061A7DA42000086829 /* Build configuration list for PBXProject "Quiz" */;
			compatibilityVersion = "Xcode 3.2";
			developmentRegion = English;
			hasScannedForEncodings = 0;
			knownRegions = (
				en,
				Base,
			);
			mainGroup = 4096A5021A7DA42000086829;
			productRefGroup = 4096A50C1A7DA42000086829 /* Products */;
			projectDirPath = "";
			projectRoot = "";
			targets = (
				4096A50A1A7DA42000086829 /* Quiz */,
				4096A5221A7DA42000086829 /* QuizTests */,
			);
		};
/* End PBXProject section */

/* Begin PBXResourcesBuildPhase section */
		4096A5091A7DA42000086829 /* Resources */ = {
			isa = PBXResourcesBuildPhase;
			buildActionMask = 2147483647;
			files = (
				4096A5191A7DA42000086829 /* Main.storyboard in Resources */,
				4096A51E1A7DA42000086829 /* LaunchScreen.xib in Resources */,
				4096A51B1A7DA42000086829 /* Images.xcassets in Resources */,
			);
			runOnlyForDeploymentPostprocessing = 0;
		};
		4096A5211A7DA42000086829 /* Resources */ = {
			isa = PBXResourcesBuildPhase;
			buildActionMask = 2147483647;
			files = (
			);
			runOnlyForDeploymentPostprocessing = 0;
		};
/* End PBXResourcesBuildPhase section */

/* Begin PBXSourcesBuildPhase section */
		4096A5071A7DA42000086829 /* Sources */ = {
			isa = PBXSourcesBuildPhase;
			buildActionMask = 2147483647;
			files = (
				4096A5161A7DA42000086829 /* ViewController.swift in Sources */,
				4096A5141A7DA42000086829 /* Quiz.xcdatamodeld in Sources */,
				4096A5111A7DA42000086829 /* AppDelegate.swift in Sources */,
			);
			runOnlyForDeploymentPostprocessing = 0;
		};
		4096A51F1A7DA42000086829 /* Sources */ = {
			isa = PBXSourcesBuildPhase;
			buildActionMask = 2147483647;
			files = (
				4096A52A1A7DA42000086829 /* QuizTests.swift in Sources */,
			);
			runOnlyForDeploymentPostprocessing = 0;
		};
/* End PBXSourcesBuildPhase section */

/* Begin PBXTargetDependency section */
		4096A5251A7DA42000086829 /* PBXTargetDependency */ = {
			isa = PBXTargetDependency;
			target = 4096A50A1A7DA42000086829 /* Quiz */;
			targetProxy = 4096A5241A7DA42000086829 /* PBXContainerItemProxy */;
		};
/* End PBXTargetDependency section */

/* Begin PBXVariantGroup section */
		4096A5171A7DA42000086829 /* Main.storyboard */ = {
			isa = PBXVariantGroup;
			children = (
				4096A5181A7DA42000086829 /* Base */,
			);
			name = Main.storyboard;
			sourceTree = "<group>";
		};
		4096A51C1A7DA42000086829 /* LaunchScreen.xib */ = {
			isa = PBXVariantGroup;
			children = (
				4096A51D1A7DA42000086829 /* Base */,
			);
			name = LaunchScreen.xib;
			sourceTree = "<group>";
		};
/* End PBXVariantGroup section */

/* Begin XCBuildConfiguration section */
		4096A52B1A7DA42000086829 /* Debug */ = {
			isa = XCBuildConfiguration;
			buildSettings = {
				ALWAYS_SEARCH_USER_PATHS = NO;
				CLANG_CXX_LANGUAGE_STANDARD = "gnu++0x";
				CLANG_CXX_LIBRARY = "libc++";
				CLANG_ENABLE_MODULES = YES;
				CLANG_ENABLE_OBJC_ARC = YES;
				CLANG_WARN_BOOL_CONVERSION = YES;
				CLANG_WARN_CONSTANT_CONVERSION = YES;
				CLANG_WARN_DIRECT_OBJC_ISA_USAGE = YES_ERROR;
				CLANG_WARN_EMPTY_BODY = YES;
				CLANG_WARN_ENUM_CONVERSION = YES;
				CLANG_WARN_INT_CONVERSION = YES;
				CLANG_WARN_OBJC_ROOT_CLASS = YES_ERROR;
				CLANG_WARN_UNREACHABLE_CODE = YES;
				CLANG_WARN__DUPLICATE_METHOD_MATCH = YES;
				"CODE_SIGN_IDENTITY[sdk=iphoneos*]" = "iPhone Developer";
				COPY_PHASE_STRIP = NO;
				ENABLE_STRICT_OBJC_MSGSEND = YES;
				GCC_C_LANGUAGE_STANDARD = gnu99;
				GCC_DYNAMIC_NO_PIC = NO;
				GCC_OPTIMIZATION_LEVEL = 0;
				GCC_PREPROCESSOR_DEFINITIONS = (
					"DEBUG=1",
					"$(inherited)",
				);
				GCC_SYMBOLS_PRIVATE_EXTERN = NO;
				GCC_WARN_64_TO_32_BIT_CONVERSION = YES;
				GCC_WARN_ABOUT_RETURN_TYPE = YES_ERROR;
				GCC_WARN_UNDECLARED_SELECTOR = YES;
				GCC_WARN_UNINITIALIZED_AUTOS = YES_AGGRESSIVE;
				GCC_WARN_UNUSED_FUNCTION = YES;
				GCC_WARN_UNUSED_VARIABLE = YES;
				IPHONEOS_DEPLOYMENT_TARGET = 8.1;
				MTL_ENABLE_DEBUG_INFO = YES;
				ONLY_ACTIVE_ARCH = YES;
				SDKROOT = iphoneos;
				SWIFT_OPTIMIZATION_LEVEL = "-Onone";
			};
			name = Debug;
		};
		4096A52C1A7DA42000086829 /* Release */ = {
			isa = XCBuildConfiguration;
			buildSettings = {
				ALWAYS_SEARCH_USER_PATHS = NO;
				CLANG_CXX_LANGUAGE_STANDARD = "gnu++0x";
				CLANG_CXX_LIBRARY = "libc++";
				CLANG_ENABLE_MODULES = YES;
				CLANG_ENABLE_OBJC_ARC = YES;
				CLANG_WARN_BOOL_CONVERSION = YES;
				CLANG_WARN_CONSTANT_CONVERSION = YES;
				CLANG_WARN_DIRECT_OBJC_ISA_USAGE = YES_ERROR;
				CLANG_WARN_EMPTY_BODY = YES;
				CLANG_WARN_ENUM_CONVERSION = YES;
				CLANG_WARN_INT_CONVERSION = YES;
				CLANG_WARN_OBJC_ROOT_CLASS = YES_ERROR;
				CLANG_WARN_UNREACHABLE_CODE = YES;
				CLANG_WARN__DUPLICATE_METHOD_MATCH = YES;
				"CODE_SIGN_IDENTITY[sdk=iphoneos*]" = "iPhone Developer";
				COPY_PHASE_STRIP = YES;
				ENABLE_NS_ASSERTIONS = NO;
				ENABLE_STRICT_OBJC_MSGSEND = YES;
				GCC_C_LANGUAGE_STANDARD = gnu99;
				GCC_WARN_64_TO_32_BIT_CONVERSION = YES;
				GCC_WARN_ABOUT_RETURN_TYPE = YES_ERROR;
				GCC_WARN_UNDECLARED_SELECTOR = YES;
				GCC_WARN_UNINITIALIZED_AUTOS = YES_AGGRESSIVE;
				GCC_WARN_UNUSED_FUNCTION = YES;
				GCC_WARN_UNUSED_VARIABLE = YES;
				IPHONEOS_DEPLOYMENT_TARGET = 8.1;
				MTL_ENABLE_DEBUG_INFO = NO;
				SDKROOT = iphoneos;
				VALIDATE_PRODUCT = YES;
			};
			name = Release;
		};
		4096A52E1A7DA42000086829 /* Debug */ = {
			isa = XCBuildConfiguration;
			buildSettings = {
				ASSETCATALOG_COMPILER_APPICON_NAME = AppIcon;
				INFOPLIST_FILE = Quiz/Info.plist;
				LD_RUNPATH_SEARCH_PATHS = "$(inherited) @executable_path/Frameworks";
				PRODUCT_NAME = "$(TARGET_NAME)";
			};
			name = Debug;
		};
		4096A52F1A7DA42000086829 /* Release */ = {
			isa = XCBuildConfiguration;
			buildSettings = {
				ASSETCATALOG_COMPILER_APPICON_NAME = AppIcon;
				INFOPLIST_FILE = Quiz/Info.plist;
				LD_RUNPATH_SEARCH_PATHS = "$(inherited) @executable_path/Frameworks";
				PRODUCT_NAME = "$(TARGET_NAME)";
			};
			name = Release;
		};
		4096A5311A7DA42000086829 /* Debug */ = {
			isa = XCBuildConfiguration;
			buildSettings = {
				BUNDLE_LOADER = "$(TEST_HOST)";
				FRAMEWORK_SEARCH_PATHS = (
					"$(SDKROOT)/Developer/Library/Frameworks",
					"$(inherited)",
				);
				GCC_PREPROCESSOR_DEFINITIONS = (
					"DEBUG=1",
					"$(inherited)",
				);
				INFOPLIST_FILE = QuizTests/Info.plist;
				LD_RUNPATH_SEARCH_PATHS = "$(inherited) @executable_path/Frameworks @loader_path/Frameworks";
				PRODUCT_NAME = "$(TARGET_NAME)";
				TEST_HOST = "$(BUILT_PRODUCTS_DIR)/Quiz.app/Quiz";
			};
			name = Debug;
		};
		4096A5321A7DA42000086829 /* Release */ = {
			isa = XCBuildConfiguration;
			buildSettings = {
				BUNDLE_LOADER = "$(TEST_HOST)";
				FRAMEWORK_SEARCH_PATHS = (
					"$(SDKROOT)/Developer/Library/Frameworks",
					"$(inherited)",
				);
				INFOPLIST_FILE = QuizTests/Info.plist;
				LD_RUNPATH_SEARCH_PATHS = "$(inherited) @executable_path/Frameworks @loader_path/Frameworks";
				PRODUCT_NAME = "$(TARGET_NAME)";
				TEST_HOST = "$(BUILT_PRODUCTS_DIR)/Quiz.app/Quiz";
			};
			name = Release;
		};
/* End XCBuildConfiguration section */

/* Begin XCConfigurationList section */
		4096A5061A7DA42000086829 /* Build configuration list for PBXProject "Quiz" */ = {
			isa = XCConfigurationList;
			buildConfigurations = (
				4096A52B1A7DA42000086829 /* Debug */,
				4096A52C1A7DA42000086829 /* Release */,
			);
			defaultConfigurationIsVisible = 0;
			defaultConfigurationName = Release;
		};
		4096A52D1A7DA42000086829 /* Build configuration list for PBXNativeTarget "Quiz" */ = {
			isa = XCConfigurationList;
			buildConfigurations = (
				4096A52E1A7DA42000086829 /* Debug */,
				4096A52F1A7DA42000086829 /* Release */,
			);
			defaultConfigurationIsVisible = 0;
		};
		4096A5301A7DA42000086829 /* Build configuration list for PBXNativeTarget "QuizTests" */ = {
			isa = XCConfigurationList;
			buildConfigurations = (
				4096A5311A7DA42000086829 /* Debug */,
				4096A5321A7DA42000086829 /* Release */,
			);
			defaultConfigurationIsVisible = 0;
		};
/* End XCConfigurationList section */

/* Begin XCVersionGroup section */
		4096A5121A7DA42000086829 /* Quiz.xcdatamodeld */ = {
			isa = XCVersionGroup;
			children = (
				4096A5131A7DA42000086829 /* Quiz.xcdatamodel */,
			);
			currentVersion = 4096A5131A7DA42000086829 /* Quiz.xcdatamodel */;
			path = Quiz.xcdatamodeld;
			sourceTree = "<group>";
			versionGroupType = wrapper.xcdatamodel;
		};
/* End XCVersionGroup section */
	};
	rootObject = 4096A5031A7DA42000086829 /* Project object */;
}
